
Microsoft Visual Studio Solution File, Format Version 12.00
Project("{FAE04EC0-301F-11D3-BF4B-00C04F79EFBC}") = "ContractManager", "ContractManager\ContractManager.csproj", "{2520EF6F-491A-4772-BA5F-7F846E00351C}"
EndProject
Project("{FAE04EC0-301F-11D3-BF4B-00C04F79EFBC}") = "ContractManager.API.Tests", "..\..\tests\ContractManager.API.Tests\ContractManager.API.Tests.csproj", "{40944D73-7E3E-4BA1-A3A1-F02A0E742D9C}"
EndProject
Global
	GlobalSection(SolutionConfigurationPlatforms) = preSolution
		Debug|Any CPU = Debug|Any CPU
		Release|Any CPU = Release|Any CPU
	EndGlobalSection
	GlobalSection(ProjectConfigurationPlatforms) = postSolution
		{2520EF6F-491A-4772-BA5F-7F846E00351C}.Debug|Any CPU.ActiveCfg = Debug|Any CPU
		{2520EF6F-491A-4772-BA5F-7F846E00351C}.Debug|Any CPU.Build.0 = Debug|Any CPU
		{2520EF6F-491A-4772-BA5F-7F846E00351C}.Release|Any CPU.ActiveCfg = Release|Any CPU
		{2520EF6F-491A-4772-BA5F-7F846E00351C}.Release|Any CPU.Build.0 = Release|Any CPU
		{40944D73-7E3E-4BA1-A3A1-F02A0E742D9C}.Debug|Any CPU.ActiveCfg = Debug|Any CPU
		{40944D73-7E3E-4BA1-A3A1-F02A0E742D9C}.Debug|Any CPU.Build.0 = Debug|Any CPU
		{40944D73-7E3E-4BA1-A3A1-F02A0E742D9C}.Release|Any CPU.ActiveCfg = Release|Any CPU
		{40944D73-7E3E-4BA1-A3A1-F02A0E742D9C}.Release|Any CPU.Build.0 = Release|Any CPU
	EndGlobalSection
EndGlobal
